
Microsoft Visual Studio Solution File, Format Version 12.00
# Visual Studio 2012
Project("{FAE04EC0-301F-11D3-BF4B-00C04F79EFBC}") = "RedLINE_Host", "RedLINE_Host\RedLINE_Host.csproj", "{0BD8F2BA-062A-49A0-948C-14C1870569C4}"
EndProject
Global
	GlobalSection(SolutionConfigurationPlatforms) = preSolution
		Debug|Any CPU = Debug|Any CPU
		Release|Any CPU = Release|Any CPU
	EndGlobalSection
	GlobalSection(ProjectConfigurationPlatforms) = postSolution
		{0BD8F2BA-062A-49A0-948C-14C1870569C4}.Debug|Any CPU.ActiveCfg = Release|Any CPU
		{0BD8F2BA-062A-49A0-948C-14C1870569C4}.Debug|Any CPU.Build.0 = Release|Any CPU
		{0BD8F2BA-062A-49A0-948C-14C1870569C4}.Release|Any CPU.ActiveCfg = Release|Any CPU
		{0BD8F2BA-062A-49A0-948C-14C1870569C4}.Release|Any CPU.Build.0 = Release|Any CPU
	EndGlobalSection
	GlobalSection(SolutionProperties) = preSolution
		HideSolutionNode = FALSE
	EndGlobalSection
EndGlobal
